{
    "_readme": [
        "This file locks the dependencies of your project to a known state",
        "Read more about it at https://getcomposer.org/doc/01-basic-usage.md#installing-dependencies",
        "This file is @generated automatically"
    ],
    "content-hash": "791d8c4d7fb2a8786e605004abb24a1a",
    "packages": [
        {
            "name": "brick/varexporter",
            "version": "0.3.8",
            "source": {
                "type": "git",
                "url": "https://github.com/brick/varexporter.git",
                "reference": "b5853edea6204ff8fa10633c3a4cccc4058410ed"
            },
            "dist": {
                "type": "zip",
                "url": "https://api.github.com/repos/brick/varexporter/zipball/b5853edea6204ff8fa10633c3a4cccc4058410ed",
                "reference": "b5853edea6204ff8fa10633c3a4cccc4058410ed",
                "shasum": ""
            },
            "require": {
                "nikic/php-parser": "^4.0",
                "php": "^7.2 || ^8.0"
            },
            "require-dev": {
                "php-coveralls/php-coveralls": "^2.2",
                "phpunit/phpunit": "^8.5 || ^9.0",
                "vimeo/psalm": "4.23.0"
            },
            "type": "library",
            "autoload": {
                "psr-4": {
                    "Brick\\VarExporter\\": "src/"
                }
            },
            "notification-url": "https://packagist.org/downloads/",
            "license": [
                "MIT"
            ],
            "description": "A powerful alternative to var_export(), which can export closures and objects without __set_state()",
            "keywords": [
                "var_export"
            ],
            "support": {
                "issues": "https://github.com/brick/varexporter/issues",
                "source": "https://github.com/brick/varexporter/tree/0.3.8"
            },
            "funding": [
                {
                    "url": "https://github.com/BenMorel",
                    "type": "github"
                }
            ],
            "time": "2023-01-21T23:05:38+00:00"
        },
        {
            "name": "cspray/annotated-container",
            "version": "v2.0.0",
            "source": {
                "type": "git",
                "url": "https://github.com/cspray/annotated-container.git",
                "reference": "1401bcc4f88d28ac872469b96ebdc533a8ba1829"
            },
            "dist": {
                "type": "zip",
                "url": "https://api.github.com/repos/cspray/annotated-container/zipball/1401bcc4f88d28ac872469b96ebdc533a8ba1829",
                "reference": "1401bcc4f88d28ac872469b96ebdc533a8ba1829",
                "shasum": ""
            },
            "require": {
                "brick/varexporter": "^0.3.7",
                "composer-runtime-api": "^2",
                "cspray/annotated-container-adr": "^1.0",
                "cspray/annotated-container-attribute": "^1.0",
                "cspray/annotated-target": "^0.2",
                "cspray/typiphy": "^0.2",
                "ext-dom": "*",
                "ext-libxml": "*",
                "nikic/php-parser": "^4.10",
                "ocramius/package-versions": "^2.7",
                "php": "^8.1",
                "psr/container": "^2.0",
                "psr/log": "^2 || ^3"
            },
            "require-dev": {
                "cspray/phinal": "^1.0",
                "mikey179/vfsstream": "^1.6",
                "php-di/php-di": "^7.0",
                "phpunit/phpunit": "^9.5",
                "rdlowrey/auryn": "^1.4",
                "roave/security-advisories": "dev-latest",
                "vimeo/psalm": "^4.24"
            },
            "suggest": {
                "php-di/php-di": "Install 7.0+ to use DI\\Container as the backing container.",
                "rdlowrey/auryn": "Install to use Auryn\\Injector as the backing container."
            },
            "bin": [
                "bin/annotated-container"
            ],
            "type": "library",
            "autoload": {
                "files": [
                    "src/Function/auto-wired-parameters.php",
                    "src/Function/definitions.php"
                ],
                "psr-4": {
                    "Cspray\\AnnotatedContainer\\": "src"
                }
            },
            "notification-url": "https://packagist.org/downloads/",
            "license": [
                "MIT"
            ],
            "authors": [
                {
                    "name": "Charles Sprayberry",
                    "email": "771345+cspray@users.noreply.github.com",
                    "homepage": "https://cspray.io",
                    "role": "Project Maintainer"
                }
            ],
            "description": "Create Dependency Injection containers configured with PHP8 Attributes.",
            "keywords": [
                "attributes",
                "container",
                "dependency injection"
            ],
            "support": {
                "issues": "https://github.com/cspray/annotated-container/issues",
                "source": "https://github.com/cspray/annotated-container/tree/v2.0.0"
            },
            "time": "2023-05-12T20:00:03+00:00"
        },
        {
            "name": "cspray/annotated-container-adr",
            "version": "1.0.0",
            "source": {
                "type": "git",
                "url": "https://github.com/cspray/annotated-container-adr.git",
                "reference": "96093b036b94da28333533c4cbe83cffa084b07a"
            },
            "dist": {
                "type": "zip",
                "url": "https://api.github.com/repos/cspray/annotated-container-adr/zipball/96093b036b94da28333533c4cbe83cffa084b07a",
                "reference": "96093b036b94da28333533c4cbe83cffa084b07a",
                "shasum": ""
            },
            "require": {
                "cspray/architectural-decision": "^1.0",
                "php": "^8.1"
            },
            "type": "library",
            "autoload": {
                "psr-4": {
                    "Cspray\\AnnotatedContainer\\ArchitecturalDecisionRecords\\": "src"
                }
            },
            "notification-url": "https://packagist.org/downloads/",
            "description": "Architectural Decision Records for Annotated Container and its associated libraries.",
            "support": {
                "issues": "https://github.com/cspray/annotated-container-adr/issues",
                "source": "https://github.com/cspray/annotated-container-adr/tree/1.0.0"
            },
            "time": "2023-02-24T21:20:31+00:00"
        },
        {
            "name": "cspray/annotated-container-attribute",
            "version": "1.0.0",
            "source": {
                "type": "git",
                "url": "https://github.com/cspray/annotated-container-attribute.git",
                "reference": "6cfa0e15e7567a5ea4dba56693b3f74a41b97637"
            },
            "dist": {
                "type": "zip",
                "url": "https://api.github.com/repos/cspray/annotated-container-attribute/zipball/6cfa0e15e7567a5ea4dba56693b3f74a41b97637",
                "reference": "6cfa0e15e7567a5ea4dba56693b3f74a41b97637",
                "shasum": ""
            },
            "require": {
                "cspray/annotated-container-adr": "^1.0",
                "php": "^8.1"
            },
            "type": "library",
            "autoload": {
                "psr-4": {
                    "Cspray\\AnnotatedContainer\\Attribute\\": "src"
                }
            },
            "notification-url": "https://packagist.org/downloads/",
            "license": [
                "MIT"
            ],
            "description": "Attributes used by Annotated Container, to configure an autowired PSR-11 dependency injection container.",
            "support": {
                "issues": "https://github.com/cspray/annotated-container-attribute/issues",
                "source": "https://github.com/cspray/annotated-container-attribute/tree/1.0.0"
            },
            "time": "2023-02-26T15:01:53+00:00"
        },
        {
            "name": "cspray/annotated-target",
            "version": "v0.2.1",
            "source": {
                "type": "git",
                "url": "https://github.com/cspray/annotated-target.git",
                "reference": "8d1a59725df30a43f27bbdb973c0f714a8eb44f5"
            },
            "dist": {
                "type": "zip",
                "url": "https://api.github.com/repos/cspray/annotated-target/zipball/8d1a59725df30a43f27bbdb973c0f714a8eb44f5",
                "reference": "8d1a59725df30a43f27bbdb973c0f714a8eb44f5",
                "shasum": ""
            },
            "require": {
                "cspray/typiphy": "^0.2.0",
                "nikic/php-parser": "^v4.14",
                "php": "^8.1"
            },
            "require-dev": {
                "pestphp/pest": "^v1.21"
            },
            "type": "library",
            "autoload": {
                "files": [
                    "src/functions.php"
                ],
                "psr-4": {
                    "Cspray\\AnnotatedTarget\\": "src"
                }
            },
            "notification-url": "https://packagist.org/downloads/",
            "license": [
                "MIT"
            ],
            "authors": [
                {
                    "name": "Charles Sprayberry",
                    "email": "771345+cspray@users.noreply.github.com",
                    "homepage": "https://cspray.io",
                    "role": "Project Maintainer"
                }
            ],
            "description": "A PHP 8 library for statically parsing Attributes using PHP-Parser.",
            "support": {
                "issues": "https://github.com/cspray/annotated-target/issues",
                "source": "https://github.com/cspray/annotated-target/tree/v0.2.1"
            },
            "time": "2022-08-12T14:01:47+00:00"
        },
        {
            "name": "cspray/architectural-decision",
            "version": "v1.1.0",
            "source": {
                "type": "git",
                "url": "https://github.com/cspray/architectural-decision.git",
                "reference": "a8bb504a06cebfde2d8235a6ac1204baf8a08bf0"
            },
            "dist": {
                "type": "zip",
                "url": "https://api.github.com/repos/cspray/architectural-decision/zipball/a8bb504a06cebfde2d8235a6ac1204baf8a08bf0",
                "reference": "a8bb504a06cebfde2d8235a6ac1204baf8a08bf0",
                "shasum": ""
            },
            "require": {
                "cspray/annotated-target": "^0.2",
                "ext-dom": "*",
                "php": "^8.1"
            },
            "require-dev": {
                "cspray/phinal": "^1.0",
                "mikey179/vfsstream": "^1.6",
                "phpunit/phpunit": "^9.5",
                "vimeo/psalm": "^4.24"
            },
            "bin": [
                "bin/architectural-decisions"
            ],
            "type": "library",
            "autoload": {
                "psr-4": {
                    "Cspray\\ArchitecturalDecision\\": "src"
                }
            },
            "notification-url": "https://packagist.org/downloads/",
            "license": [
                "MIT"
            ],
            "description": "A library to keep track of architectural decisions with PHP annotations.",
            "support": {
                "issues": "https://github.com/cspray/architectural-decision/issues",
                "source": "https://github.com/cspray/architectural-decision/tree/v1.1.0"
            },
            "time": "2022-08-11T13:32:57+00:00"
        },
        {
            "name": "cspray/typiphy",
            "version": "0.2.0",
            "source": {
                "type": "git",
                "url": "https://github.com/cspray/typiphy.git",
                "reference": "f9823886e66be513a485d1b2a1fec4ad8c103f7e"
            },
            "dist": {
                "type": "zip",
                "url": "https://api.github.com/repos/cspray/typiphy/zipball/f9823886e66be513a485d1b2a1fec4ad8c103f7e",
                "reference": "f9823886e66be513a485d1b2a1fec4ad8c103f7e",
                "shasum": ""
            },
            "require-dev": {
                "phpunit/phpunit": "^9.5"
            },
            "type": "library",
            "autoload": {
                "files": [
                    "src/Function/types.php"
                ],
                "psr-4": {
                    "Cspray\\Typiphy\\": "src"
                }
            },
            "notification-url": "https://packagist.org/downloads/",
            "description": "A small library of value objects and functions for working with PHP's types.",
            "support": {
                "issues": "https://github.com/cspray/typiphy/issues",
                "source": "https://github.com/cspray/typiphy/tree/0.2.0"
            },
            "time": "2022-04-26T12:38:08+00:00"
        },
        {
            "name": "laminas/laminas-diactoros",
            "version": "3.0.0",
            "source": {
                "type": "git",
                "url": "https://github.com/laminas/laminas-diactoros.git",
                "reference": "2515f4134258b1b418c23cb86606b8a09dd01aea"
            },
            "dist": {
                "type": "zip",
                "url": "https://api.github.com/repos/laminas/laminas-diactoros/zipball/2515f4134258b1b418c23cb86606b8a09dd01aea",
                "reference": "2515f4134258b1b418c23cb86606b8a09dd01aea",
                "shasum": ""
            },
            "require": {
                "php": "~8.0.0 || ~8.1.0 || ~8.2.0",
                "psr/http-factory": "^1.0.2",
                "psr/http-message": "^1.1 || ^2.0"
            },
            "provide": {
                "psr/http-factory-implementation": "^1.1 || ^2.0",
                "psr/http-message-implementation": "^1.1 || ^2.0"
            },
            "require-dev": {
                "ext-curl": "*",
                "ext-dom": "*",
                "ext-gd": "*",
                "ext-libxml": "*",
                "http-interop/http-factory-tests": "^0.9.0",
                "laminas/laminas-coding-standard": "~2.5.0",
                "php-http/psr7-integration-tests": "^1.3",
                "phpunit/phpunit": "^9.5.28",
                "psalm/plugin-phpunit": "^0.18.4",
                "vimeo/psalm": "^5.9"
            },
            "type": "library",
            "extra": {
                "laminas": {
                    "config-provider": "Laminas\\Diactoros\\ConfigProvider",
                    "module": "Laminas\\Diactoros"
                }
            },
            "autoload": {
                "files": [
                    "src/functions/create_uploaded_file.php",
                    "src/functions/marshal_headers_from_sapi.php",
                    "src/functions/marshal_method_from_sapi.php",
                    "src/functions/marshal_protocol_version_from_sapi.php",
                    "src/functions/normalize_server.php",
                    "src/functions/normalize_uploaded_files.php",
                    "src/functions/parse_cookie_header.php"
                ],
                "psr-4": {
                    "Laminas\\Diactoros\\": "src/"
                }
            },
            "notification-url": "https://packagist.org/downloads/",
            "license": [
                "BSD-3-Clause"
            ],
            "description": "PSR HTTP Message implementations",
            "homepage": "https://laminas.dev",
            "keywords": [
                "http",
                "laminas",
                "psr",
                "psr-17",
                "psr-7"
            ],
            "support": {
                "chat": "https://laminas.dev/chat",
                "docs": "https://docs.laminas.dev/laminas-diactoros/",
                "forum": "https://discourse.laminas.dev",
                "issues": "https://github.com/laminas/laminas-diactoros/issues",
                "rss": "https://github.com/laminas/laminas-diactoros/releases.atom",
                "source": "https://github.com/laminas/laminas-diactoros"
            },
            "funding": [
                {
                    "url": "https://funding.communitybridge.org/projects/laminas-project",
                    "type": "community_bridge"
                }
            ],
            "time": "2023-05-04T21:18:23+00:00"
        },
        {
            "name": "laminas/laminas-httphandlerrunner",
            "version": "2.6.1",
            "source": {
                "type": "git",
                "url": "https://github.com/laminas/laminas-httphandlerrunner.git",
                "reference": "a894a341ec2b0995919265db4f463fb1d5128134"
            },
            "dist": {
                "type": "zip",
                "url": "https://api.github.com/repos/laminas/laminas-httphandlerrunner/zipball/a894a341ec2b0995919265db4f463fb1d5128134",
                "reference": "a894a341ec2b0995919265db4f463fb1d5128134",
                "shasum": ""
            },
            "require": {
                "php": "~8.1.0 || ~8.2.0",
                "psr/http-message": "^1.0 || ^2.0",
                "psr/http-message-implementation": "^1.0",
                "psr/http-server-handler": "^1.0"
            },
            "require-dev": {
                "laminas/laminas-coding-standard": "~2.5.0",
                "laminas/laminas-diactoros": "^2.25.2",
                "phpunit/phpunit": "^10.1.2",
                "psalm/plugin-phpunit": "^0.18.4",
                "vimeo/psalm": "^5.11"
            },
            "type": "library",
            "extra": {
                "laminas": {
                    "config-provider": "Laminas\\HttpHandlerRunner\\ConfigProvider"
                }
            },
            "autoload": {
                "psr-4": {
                    "Laminas\\HttpHandlerRunner\\": "src/"
                }
            },
            "notification-url": "https://packagist.org/downloads/",
            "license": [
                "BSD-3-Clause"
            ],
            "description": "Execute PSR-15 RequestHandlerInterface instances and emit responses they generate.",
            "homepage": "https://laminas.dev",
            "keywords": [
                "components",
                "laminas",
                "mezzio",
                "psr-15",
                "psr-7"
            ],
            "support": {
                "chat": "https://laminas.dev/chat",
                "docs": "https://docs.laminas.dev/laminas-httphandlerrunner/",
                "forum": "https://discourse.laminas.dev",
                "issues": "https://github.com/laminas/laminas-httphandlerrunner/issues",
                "rss": "https://github.com/laminas/laminas-httphandlerrunner/releases.atom",
                "source": "https://github.com/laminas/laminas-httphandlerrunner"
            },
            "funding": [
                {
                    "url": "https://funding.communitybridge.org/projects/laminas-project",
                    "type": "community_bridge"
                }
            ],
            "time": "2023-05-05T16:09:27+00:00"
        },
        {
            "name": "laravel/serializable-closure",
            "version": "v1.3.0",
            "source": {
                "type": "git",
                "url": "https://github.com/laravel/serializable-closure.git",
                "reference": "f23fe9d4e95255dacee1bf3525e0810d1a1b0f37"
            },
            "dist": {
                "type": "zip",
                "url": "https://api.github.com/repos/laravel/serializable-closure/zipball/f23fe9d4e95255dacee1bf3525e0810d1a1b0f37",
                "reference": "f23fe9d4e95255dacee1bf3525e0810d1a1b0f37",
                "shasum": ""
            },
            "require": {
                "php": "^7.3|^8.0"
            },
            "require-dev": {
                "nesbot/carbon": "^2.61",
                "pestphp/pest": "^1.21.3",
                "phpstan/phpstan": "^1.8.2",
                "symfony/var-dumper": "^5.4.11"
            },
            "type": "library",
            "extra": {
                "branch-alias": {
                    "dev-master": "1.x-dev"
                }
            },
            "autoload": {
                "psr-4": {
                    "Laravel\\SerializableClosure\\": "src/"
                }
            },
            "notification-url": "https://packagist.org/downloads/",
            "license": [
                "MIT"
            ],
            "authors": [
                {
                    "name": "Taylor Otwell",
                    "email": "taylor@laravel.com"
                },
                {
                    "name": "Nuno Maduro",
                    "email": "nuno@laravel.com"
                }
            ],
            "description": "Laravel Serializable Closure provides an easy and secure way to serialize closures in PHP.",
            "keywords": [
                "closure",
                "laravel",
                "serializable"
            ],
            "support": {
                "issues": "https://github.com/laravel/serializable-closure/issues",
                "source": "https://github.com/laravel/serializable-closure"
            },
            "time": "2023-01-30T18:31:20+00:00"
        },
        {
            "name": "monolog/monolog",
            "version": "3.3.1",
            "source": {
                "type": "git",
                "url": "https://github.com/Seldaek/monolog.git",
                "reference": "9b5daeaffce5b926cac47923798bba91059e60e2"
            },
            "dist": {
                "type": "zip",
                "url": "https://api.github.com/repos/Seldaek/monolog/zipball/9b5daeaffce5b926cac47923798bba91059e60e2",
                "reference": "9b5daeaffce5b926cac47923798bba91059e60e2",
                "shasum": ""
            },
            "require": {
                "php": ">=8.1",
                "psr/log": "^2.0 || ^3.0"
            },
            "provide": {
                "psr/log-implementation": "3.0.0"
            },
            "require-dev": {
                "aws/aws-sdk-php": "^3.0",
                "doctrine/couchdb": "~1.0@dev",
                "elasticsearch/elasticsearch": "^7 || ^8",
                "ext-json": "*",
                "graylog2/gelf-php": "^1.4.2 || ^2@dev",
                "guzzlehttp/guzzle": "^7.4.5",
                "guzzlehttp/psr7": "^2.2",
                "mongodb/mongodb": "^1.8",
                "php-amqplib/php-amqplib": "~2.4 || ^3",
                "phpstan/phpstan": "^1.9",
                "phpstan/phpstan-deprecation-rules": "^1.0",
                "phpstan/phpstan-strict-rules": "^1.4",
                "phpunit/phpunit": "^9.5.26",
                "predis/predis": "^1.1 || ^2",
                "ruflin/elastica": "^7",
                "symfony/mailer": "^5.4 || ^6",
                "symfony/mime": "^5.4 || ^6"
            },
            "suggest": {
                "aws/aws-sdk-php": "Allow sending log messages to AWS services like DynamoDB",
                "doctrine/couchdb": "Allow sending log messages to a CouchDB server",
                "elasticsearch/elasticsearch": "Allow sending log messages to an Elasticsearch server via official client",
                "ext-amqp": "Allow sending log messages to an AMQP server (1.0+ required)",
                "ext-curl": "Required to send log messages using the IFTTTHandler, the LogglyHandler, the SendGridHandler, the SlackWebhookHandler or the TelegramBotHandler",
                "ext-mbstring": "Allow to work properly with unicode symbols",
                "ext-mongodb": "Allow sending log messages to a MongoDB server (via driver)",
                "ext-openssl": "Required to send log messages using SSL",
                "ext-sockets": "Allow sending log messages to a Syslog server (via UDP driver)",
                "graylog2/gelf-php": "Allow sending log messages to a GrayLog2 server",
                "mongodb/mongodb": "Allow sending log messages to a MongoDB server (via library)",
                "php-amqplib/php-amqplib": "Allow sending log messages to an AMQP server using php-amqplib",
                "rollbar/rollbar": "Allow sending log messages to Rollbar",
                "ruflin/elastica": "Allow sending log messages to an Elastic Search server"
            },
            "type": "library",
            "extra": {
                "branch-alias": {
                    "dev-main": "3.x-dev"
                }
            },
            "autoload": {
                "psr-4": {
                    "Monolog\\": "src/Monolog"
                }
            },
            "notification-url": "https://packagist.org/downloads/",
            "license": [
                "MIT"
            ],
            "authors": [
                {
                    "name": "Jordi Boggiano",
                    "email": "j.boggiano@seld.be",
                    "homepage": "https://seld.be"
                }
            ],
            "description": "Sends your logs to files, sockets, inboxes, databases and various web services",
            "homepage": "https://github.com/Seldaek/monolog",
            "keywords": [
                "log",
                "logging",
                "psr-3"
            ],
            "support": {
                "issues": "https://github.com/Seldaek/monolog/issues",
                "source": "https://github.com/Seldaek/monolog/tree/3.3.1"
            },
            "funding": [
                {
                    "url": "https://github.com/Seldaek",
                    "type": "github"
                },
                {
                    "url": "https://tidelift.com/funding/github/packagist/monolog/monolog",
                    "type": "tidelift"
                }
            ],
            "time": "2023-02-06T13:46:10+00:00"
        },
        {
            "name": "nikic/fast-route",
            "version": "v1.3.0",
            "source": {
                "type": "git",
                "url": "https://github.com/nikic/FastRoute.git",
                "reference": "181d480e08d9476e61381e04a71b34dc0432e812"
            },
            "dist": {
                "type": "zip",
                "url": "https://api.github.com/repos/nikic/FastRoute/zipball/181d480e08d9476e61381e04a71b34dc0432e812",
                "reference": "181d480e08d9476e61381e04a71b34dc0432e812",
                "shasum": ""
            },
            "require": {
                "php": ">=5.4.0"
            },
            "require-dev": {
                "phpunit/phpunit": "^4.8.35|~5.7"
            },
            "type": "library",
            "autoload": {
                "files": [
                    "src/functions.php"
                ],
                "psr-4": {
                    "FastRoute\\": "src/"
                }
            },
            "notification-url": "https://packagist.org/downloads/",
            "license": [
                "BSD-3-Clause"
            ],
            "authors": [
                {
                    "name": "Nikita Popov",
                    "email": "nikic@php.net"
                }
            ],
            "description": "Fast request router for PHP",
            "keywords": [
                "router",
                "routing"
            ],
            "support": {
                "issues": "https://github.com/nikic/FastRoute/issues",
                "source": "https://github.com/nikic/FastRoute/tree/master"
            },
            "time": "2018-02-13T20:26:39+00:00"
        },
        {
            "name": "nikic/php-parser",
            "version": "v4.15.4",
            "source": {
                "type": "git",
                "url": "https://github.com/nikic/PHP-Parser.git",
                "reference": "6bb5176bc4af8bcb7d926f88718db9b96a2d4290"
            },
            "dist": {
                "type": "zip",
                "url": "https://api.github.com/repos/nikic/PHP-Parser/zipball/6bb5176bc4af8bcb7d926f88718db9b96a2d4290",
                "reference": "6bb5176bc4af8bcb7d926f88718db9b96a2d4290",
                "shasum": ""
            },
            "require": {
                "ext-tokenizer": "*",
                "php": ">=7.0"
            },
            "require-dev": {
                "ircmaxell/php-yacc": "^0.0.7",
                "phpunit/phpunit": "^6.5 || ^7.0 || ^8.0 || ^9.0"
            },
            "bin": [
                "bin/php-parse"
            ],
            "type": "library",
            "extra": {
                "branch-alias": {
                    "dev-master": "4.9-dev"
                }
            },
            "autoload": {
                "psr-4": {
                    "PhpParser\\": "lib/PhpParser"
                }
            },
            "notification-url": "https://packagist.org/downloads/",
            "license": [
                "BSD-3-Clause"
            ],
            "authors": [
                {
                    "name": "Nikita Popov"
                }
            ],
            "description": "A PHP parser written in PHP",
            "keywords": [
                "parser",
                "php"
            ],
            "support": {
                "issues": "https://github.com/nikic/PHP-Parser/issues",
                "source": "https://github.com/nikic/PHP-Parser/tree/v4.15.4"
            },
            "time": "2023-03-05T19:49:14+00:00"
        },
        {
            "name": "ocramius/package-versions",
            "version": "2.7.0",
            "source": {
                "type": "git",
                "url": "https://github.com/Ocramius/PackageVersions.git",
                "reference": "065921ed7cb2a6861443d91138d0a4378316af8d"
            },
            "dist": {
                "type": "zip",
                "url": "https://api.github.com/repos/Ocramius/PackageVersions/zipball/065921ed7cb2a6861443d91138d0a4378316af8d",
                "reference": "065921ed7cb2a6861443d91138d0a4378316af8d",
                "shasum": ""
            },
            "require": {
                "composer-runtime-api": "^2.2.0",
                "php": "~8.1.0 || ~8.2.0"
            },
            "replace": {
                "composer/package-versions-deprecated": "*"
            },
            "require-dev": {
                "composer/composer": "^2.4.4",
                "doctrine/coding-standard": "^10.0.0",
                "ext-zip": "^1.15.0",
                "phpunit/phpunit": "^9.5.26",
                "roave/infection-static-analysis-plugin": "^1.25.0",
                "vimeo/psalm": "^4.29.0"
            },
            "type": "library",
            "autoload": {
                "psr-4": {
                    "PackageVersions\\": "src/PackageVersions"
                }
            },
            "notification-url": "https://packagist.org/downloads/",
            "license": [
                "MIT"
            ],
            "authors": [
                {
                    "name": "Marco Pivetta",
                    "email": "ocramius@gmail.com"
                }
            ],
            "description": "Provides efficient querying for installed package versions (no runtime IO)",
            "support": {
                "issues": "https://github.com/Ocramius/PackageVersions/issues",
                "source": "https://github.com/Ocramius/PackageVersions/tree/2.7.0"
            },
            "funding": [
                {
                    "url": "https://github.com/Ocramius",
                    "type": "github"
                },
                {
                    "url": "https://tidelift.com/funding/github/packagist/ocramius/package-versions",
                    "type": "tidelift"
                }
            ],
            "time": "2022-10-31T12:51:46+00:00"
        },
        {
            "name": "php-di/invoker",
            "version": "2.3.3",
            "source": {
                "type": "git",
                "url": "https://github.com/PHP-DI/Invoker.git",
                "reference": "cd6d9f267d1a3474bdddf1be1da079f01b942786"
            },
            "dist": {
                "type": "zip",
                "url": "https://api.github.com/repos/PHP-DI/Invoker/zipball/cd6d9f267d1a3474bdddf1be1da079f01b942786",
                "reference": "cd6d9f267d1a3474bdddf1be1da079f01b942786",
                "shasum": ""
            },
            "require": {
                "php": ">=7.3",
                "psr/container": "^1.0|^2.0"
            },
            "require-dev": {
                "athletic/athletic": "~0.1.8",
                "mnapoli/hard-mode": "~0.3.0",
                "phpunit/phpunit": "^9.0"
            },
            "type": "library",
            "autoload": {
                "psr-4": {
                    "Invoker\\": "src/"
                }
            },
            "notification-url": "https://packagist.org/downloads/",
            "license": [
                "MIT"
            ],
            "description": "Generic and extensible callable invoker",
            "homepage": "https://github.com/PHP-DI/Invoker",
            "keywords": [
                "callable",
                "dependency",
                "dependency-injection",
                "injection",
                "invoke",
                "invoker"
            ],
            "support": {
                "issues": "https://github.com/PHP-DI/Invoker/issues",
                "source": "https://github.com/PHP-DI/Invoker/tree/2.3.3"
            },
            "funding": [
                {
                    "url": "https://github.com/mnapoli",
                    "type": "github"
                }
            ],
            "time": "2021-12-13T09:22:56+00:00"
        },
        {
            "name": "php-di/php-di",
            "version": "7.0.2",
            "source": {
                "type": "git",
                "url": "https://github.com/PHP-DI/PHP-DI.git",
                "reference": "5d1a8664e24f23b25e0426bbcb1288287fb49181"
            },
            "dist": {
                "type": "zip",
                "url": "https://api.github.com/repos/PHP-DI/PHP-DI/zipball/5d1a8664e24f23b25e0426bbcb1288287fb49181",
                "reference": "5d1a8664e24f23b25e0426bbcb1288287fb49181",
                "shasum": ""
            },
            "require": {
                "laravel/serializable-closure": "^1.0",
                "php": ">=8.0",
                "php-di/invoker": "^2.0",
                "psr/container": "^1.1 || ^2.0"
            },
            "provide": {
                "psr/container-implementation": "^1.0"
            },
            "require-dev": {
                "friendsofphp/php-cs-fixer": "^3",
                "mnapoli/phpunit-easymock": "^1.3",
                "ocramius/proxy-manager": "^2.11.2",
                "phpunit/phpunit": "^9.5",
                "vimeo/psalm": "^4.6"
            },
            "suggest": {
                "ocramius/proxy-manager": "Install it if you want to use lazy injection (version ^2.3)"
            },
            "type": "library",
            "autoload": {
                "files": [
                    "src/functions.php"
                ],
                "psr-4": {
                    "DI\\": "src/"
                }
            },
            "notification-url": "https://packagist.org/downloads/",
            "license": [
                "MIT"
            ],
            "description": "The dependency injection container for humans",
            "homepage": "https://php-di.org/",
            "keywords": [
                "PSR-11",
                "container",
                "container-interop",
                "dependency injection",
                "di",
                "ioc",
                "psr11"
            ],
            "support": {
                "issues": "https://github.com/PHP-DI/PHP-DI/issues",
                "source": "https://github.com/PHP-DI/PHP-DI/tree/7.0.2"
            },
            "funding": [
                {
                    "url": "https://github.com/mnapoli",
                    "type": "github"
                },
                {
                    "url": "https://tidelift.com/funding/github/packagist/php-di/php-di",
                    "type": "tidelift"
                }
            ],
            "time": "2023-02-07T17:34:03+00:00"
        },
        {
            "name": "psr/container",
            "version": "2.0.2",
            "source": {
                "type": "git",
                "url": "https://github.com/php-fig/container.git",
                "reference": "c71ecc56dfe541dbd90c5360474fbc405f8d5963"
            },
            "dist": {
                "type": "zip",
                "url": "https://api.github.com/repos/php-fig/container/zipball/c71ecc56dfe541dbd90c5360474fbc405f8d5963",
                "reference": "c71ecc56dfe541dbd90c5360474fbc405f8d5963",
                "shasum": ""
            },
            "require": {
                "php": ">=7.4.0"
            },
            "type": "library",
            "extra": {
                "branch-alias": {
                    "dev-master": "2.0.x-dev"
                }
            },
            "autoload": {
                "psr-4": {
                    "Psr\\Container\\": "src/"
                }
            },
            "notification-url": "https://packagist.org/downloads/",
            "license": [
                "MIT"
            ],
            "authors": [
                {
                    "name": "PHP-FIG",
                    "homepage": "https://www.php-fig.org/"
                }
            ],
            "description": "Common Container Interface (PHP FIG PSR-11)",
            "homepage": "https://github.com/php-fig/container",
            "keywords": [
                "PSR-11",
                "container",
                "container-interface",
                "container-interop",
                "psr"
            ],
            "support": {
                "issues": "https://github.com/php-fig/container/issues",
                "source": "https://github.com/php-fig/container/tree/2.0.2"
            },
            "time": "2021-11-05T16:47:00+00:00"
        },
        {
            "name": "psr/http-factory",
            "version": "1.0.2",
            "source": {
                "type": "git",
                "url": "https://github.com/php-fig/http-factory.git",
                "reference": "e616d01114759c4c489f93b099585439f795fe35"
            },
            "dist": {
                "type": "zip",
                "url": "https://api.github.com/repos/php-fig/http-factory/zipball/e616d01114759c4c489f93b099585439f795fe35",
                "reference": "e616d01114759c4c489f93b099585439f795fe35",
                "shasum": ""
            },
            "require": {
                "php": ">=7.0.0",
                "psr/http-message": "^1.0 || ^2.0"
            },
            "type": "library",
            "extra": {
                "branch-alias": {
                    "dev-master": "1.0.x-dev"
                }
            },
            "autoload": {
                "psr-4": {
                    "Psr\\Http\\Message\\": "src/"
                }
            },
            "notification-url": "https://packagist.org/downloads/",
            "license": [
                "MIT"
            ],
            "authors": [
                {
                    "name": "PHP-FIG",
                    "homepage": "https://www.php-fig.org/"
                }
            ],
            "description": "Common interfaces for PSR-7 HTTP message factories",
            "keywords": [
                "factory",
                "http",
                "message",
                "psr",
                "psr-17",
                "psr-7",
                "request",
                "response"
            ],
            "support": {
                "source": "https://github.com/php-fig/http-factory/tree/1.0.2"
            },
            "time": "2023-04-10T20:10:41+00:00"
        },
        {
            "name": "psr/http-message",
            "version": "2.0",
            "source": {
                "type": "git",
                "url": "https://github.com/php-fig/http-message.git",
                "reference": "402d35bcb92c70c026d1a6a9883f06b2ead23d71"
            },
            "dist": {
                "type": "zip",
                "url": "https://api.github.com/repos/php-fig/http-message/zipball/402d35bcb92c70c026d1a6a9883f06b2ead23d71",
                "reference": "402d35bcb92c70c026d1a6a9883f06b2ead23d71",
                "shasum": ""
            },
            "require": {
                "php": "^7.2 || ^8.0"
            },
            "type": "library",
            "extra": {
                "branch-alias": {
                    "dev-master": "2.0.x-dev"
                }
            },
            "autoload": {
                "psr-4": {
                    "Psr\\Http\\Message\\": "src/"
                }
            },
            "notification-url": "https://packagist.org/downloads/",
            "license": [
                "MIT"
            ],
            "authors": [
                {
                    "name": "PHP-FIG",
                    "homepage": "https://www.php-fig.org/"
                }
            ],
            "description": "Common interface for HTTP messages",
            "homepage": "https://github.com/php-fig/http-message",
            "keywords": [
                "http",
                "http-message",
                "psr",
                "psr-7",
                "request",
                "response"
            ],
            "support": {
                "source": "https://github.com/php-fig/http-message/tree/2.0"
            },
            "time": "2023-04-04T09:54:51+00:00"
        },
        {
            "name": "psr/http-server-handler",
            "version": "1.0.2",
            "source": {
                "type": "git",
                "url": "https://github.com/php-fig/http-server-handler.git",
                "reference": "84c4fb66179be4caaf8e97bd239203245302e7d4"
            },
            "dist": {
                "type": "zip",
                "url": "https://api.github.com/repos/php-fig/http-server-handler/zipball/84c4fb66179be4caaf8e97bd239203245302e7d4",
                "reference": "84c4fb66179be4caaf8e97bd239203245302e7d4",
                "shasum": ""
            },
            "require": {
                "php": ">=7.0",
                "psr/http-message": "^1.0 || ^2.0"
            },
            "type": "library",
            "extra": {
                "branch-alias": {
                    "dev-master": "1.0.x-dev"
                }
            },
            "autoload": {
                "psr-4": {
                    "Psr\\Http\\Server\\": "src/"
                }
            },
            "notification-url": "https://packagist.org/downloads/",
            "license": [
                "MIT"
            ],
            "authors": [
                {
                    "name": "PHP-FIG",
                    "homepage": "https://www.php-fig.org/"
                }
            ],
            "description": "Common interface for HTTP server-side request handler",
            "keywords": [
                "handler",
                "http",
                "http-interop",
                "psr",
                "psr-15",
                "psr-7",
                "request",
                "response",
                "server"
            ],
            "support": {
                "source": "https://github.com/php-fig/http-server-handler/tree/1.0.2"
            },
            "time": "2023-04-10T20:06:20+00:00"
        },
        {
            "name": "psr/log",
            "version": "3.0.0",
            "source": {
                "type": "git",
                "url": "https://github.com/php-fig/log.git",
                "reference": "fe5ea303b0887d5caefd3d431c3e61ad47037001"
            },
            "dist": {
                "type": "zip",
                "url": "https://api.github.com/repos/php-fig/log/zipball/fe5ea303b0887d5caefd3d431c3e61ad47037001",
                "reference": "fe5ea303b0887d5caefd3d431c3e61ad47037001",
                "shasum": ""
            },
            "require": {
                "php": ">=8.0.0"
            },
            "type": "library",
            "extra": {
                "branch-alias": {
                    "dev-master": "3.x-dev"
                }
            },
            "autoload": {
                "psr-4": {
                    "Psr\\Log\\": "src"
                }
            },
            "notification-url": "https://packagist.org/downloads/",
            "license": [
                "MIT"
            ],
            "authors": [
                {
                    "name": "PHP-FIG",
                    "homepage": "https://www.php-fig.org/"
                }
            ],
            "description": "Common interface for logging libraries",
            "homepage": "https://github.com/php-fig/log",
            "keywords": [
                "log",
                "psr",
                "psr-3"
            ],
            "support": {
                "source": "https://github.com/php-fig/log/tree/3.0.0"
            },
            "time": "2021-07-14T16:46:02+00:00"
        }
    ],
    "packages-dev": [],
    "aliases": [],
    "minimum-stability": "stable",
    "stability-flags": [],
    "prefer-stable": false,
    "prefer-lowest": false,
    "platform": {
        "php": "^8.1"
    },
    "platform-dev": [],
    "plugin-api-version": "2.2.0"
}
